{
  "pins" : [
    {
      "identity" : "focusentity",
      "kind" : "remoteSourceControl",
      "location" : "https://github.com/maxxfrazer/FocusEntity",
      "state" : {
        "revision" : "615af712434dcf0e4800909f6291d6a6a088b754",
        "version" : "2.2.4"
      }
    },
    {
      "identity" : "multipeerhelper",
      "kind" : "remoteSourceControl",
      "location" : "https://github.com/maxxfrazer/MultipeerHelper",
      "state" : {
        "branch" : "main",
        "revision" : "ea73ccdcbc34f967a5b7df10674eae7ea52aa803"
      }
    }
  ],
  "version" : 2
}
